// !$*UTF8*$!
{
	archiveVersion = 1;
	classes = {
	};
	objectVersion = 50;
	objects = {

/* Begin PBXBuildFile section */
		8BDF24F62524702500C88C54 /* CombineDemoApp.swift in Sources */ = {isa = PBXBuildFile; fileRef = 8BDF24F52524702500C88C54 /* CombineDemoApp.swift */; };
		8BDF24F82524702500C88C54 /* ContentView.swift in Sources */ = {isa = PBXBuildFile; fileRef = 8BDF24F72524702500C88C54 /* ContentView.swift */; };
		8BDF24FA2524702600C88C54 /* Assets.xcassets in Resources */ = {isa = PBXBuildFile; fileRef = 8BDF24F92524702600C88C54 /* Assets.xcassets */; };
		8BDF24FD2524702600C88C54 /* Preview Assets.xcassets in Resources */ = {isa = PBXBuildFile; fileRef = 8BDF24FC2524702600C88C54 /* Preview Assets.xcassets */; };
		8BDF25082524702600C88C54 /* RespositoryListViewModelTests.swift in Sources */ = {isa = PBXBuildFile; fileRef = 8BDF25072524702600C88C54 /* RespositoryListViewModelTests.swift */; };
		8BDF2524252473A400C88C54 /* Repository.swift in Sources */ = {isa = PBXBuildFile; fileRef = 8BDF2523252473A400C88C54 /* Repository.swift */; };
		8BDF252C2524782D00C88C54 /* RepositoryListViewModel.swift in Sources */ = {isa = PBXBuildFile; fileRef = 8BDF252B2524782D00C88C54 /* RepositoryListViewModel.swift */; };
		8BDF25312524789800C88C54 /* GitHubService.swift in Sources */ = {isa = PBXBuildFile; fileRef = 8BDF25302524789800C88C54 /* GitHubService.swift */; };
		8BDF25392524A0A300C88C54 /* RepositoryViewModel.swift in Sources */ = {isa = PBXBuildFile; fileRef = 8BDF25382524A0A300C88C54 /* RepositoryViewModel.swift */; };
		AB5E7604261116650036837C /* GitHubServiceMock.swift in Sources */ = {isa = PBXBuildFile; fileRef = AB5E75FA261110910036837C /* GitHubServiceMock.swift */; };
		AB6B3DE225D94F5100A8FD5C /* RepositoryRow.swift in Sources */ = {isa = PBXBuildFile; fileRef = AB6B3DE125D94F5100A8FD5C /* RepositoryRow.swift */; };
		AB6B3DF425D9538D00A8FD5C /* Text+Styling.swift in Sources */ = {isa = PBXBuildFile; fileRef = AB6B3DF325D9538D00A8FD5C /* Text+Styling.swift */; };
/* End PBXBuildFile section */

/* Begin PBXContainerItemProxy section */
		8BDF25042524702600C88C54 /* PBXContainerItemProxy */ = {
			isa = PBXContainerItemProxy;
			containerPortal = 8BDF24EA2524702500C88C54 /* Project object */;
			proxyType = 1;
			remoteGlobalIDString = 8BDF24F12524702500C88C54;
			remoteInfo = CombineDemo;
		};
/* End PBXContainerItemProxy section */

/* Begin PBXFileReference section */
		8BDF24F22524702500C88C54 /* CombineDemo.app */ = {isa = PBXFileReference; explicitFileType = wrapper.application; includeInIndex = 0; path = CombineDemo.app; sourceTree = BUILT_PRODUCTS_DIR; };
		8BDF24F52524702500C88C54 /* CombineDemoApp.swift */ = {isa = PBXFileReference; lastKnownFileType = sourcecode.swift; path = CombineDemoApp.swift; sourceTree = "<group>"; };
		8BDF24F72524702500C88C54 /* ContentView.swift */ = {isa = PBXFileReference; lastKnownFileType = sourcecode.swift; path = ContentView.swift; sourceTree = "<group>"; };
		8BDF24F92524702600C88C54 /* Assets.xcassets */ = {isa = PBXFileReference; lastKnownFileType = folder.assetcatalog; path = Assets.xcassets; sourceTree = "<group>"; };
		8BDF24FC2524702600C88C54 /* Preview Assets.xcassets */ = {isa = PBXFileReference; lastKnownFileType = folder.assetcatalog; path = "Preview Assets.xcassets"; sourceTree = "<group>"; };
		8BDF24FE2524702600C88C54 /* Info.plist */ = {isa = PBXFileReference; lastKnownFileType = text.plist.xml; path = Info.plist; sourceTree = "<group>"; };
		8BDF25032524702600C88C54 /* CombineDemoTests.xctest */ = {isa = PBXFileReference; explicitFileType = wrapper.cfbundle; includeInIndex = 0; path = CombineDemoTests.xctest; sourceTree = BUILT_PRODUCTS_DIR; };
		8BDF25072524702600C88C54 /* RespositoryListViewModelTests.swift */ = {isa = PBXFileReference; lastKnownFileType = sourcecode.swift; path = RespositoryListViewModelTests.swift; sourceTree = "<group>"; };
		8BDF25092524702600C88C54 /* Info.plist */ = {isa = PBXFileReference; lastKnownFileType = text.plist.xml; path = Info.plist; sourceTree = "<group>"; };
		8BDF2523252473A400C88C54 /* Repository.swift */ = {isa = PBXFileReference; lastKnownFileType = sourcecode.swift; path = Repository.swift; sourceTree = "<group>"; };
		8BDF252B2524782D00C88C54 /* RepositoryListViewModel.swift */ = {isa = PBXFileReference; lastKnownFileType = sourcecode.swift; path = RepositoryListViewModel.swift; sourceTree = "<group>"; };
		8BDF25302524789800C88C54 /* GitHubService.swift */ = {isa = PBXFileReference; lastKnownFileType = sourcecode.swift; path = GitHubService.swift; sourceTree = "<group>"; };
		8BDF25382524A0A300C88C54 /* RepositoryViewModel.swift */ = {isa = PBXFileReference; lastKnownFileType = sourcecode.swift; path = RepositoryViewModel.swift; sourceTree = "<group>"; };
		AB5E75FA261110910036837C /* GitHubServiceMock.swift */ = {isa = PBXFileReference; lastKnownFileType = sourcecode.swift; path = GitHubServiceMock.swift; sourceTree = "<group>"; };
		AB6B3DE125D94F5100A8FD5C /* RepositoryRow.swift */ = {isa = PBXFileReference; lastKnownFileType = sourcecode.swift; path = RepositoryRow.swift; sourceTree = "<group>"; };
		AB6B3DF325D9538D00A8FD5C /* Text+Styling.swift */ = {isa = PBXFileReference; lastKnownFileType = sourcecode.swift; path = "Text+Styling.swift"; sourceTree = "<group>"; };
/* End PBXFileReference section */

/* Begin PBXFrameworksBuildPhase section */
		8BDF24EF2524702500C88C54 /* Frameworks */ = {
			isa = PBXFrameworksBuildPhase;
			buildActionMask = 2147483647;
			files = (
			);
			runOnlyForDeploymentPostprocessing = 0;
		};
		8BDF25002524702600C88C54 /* Frameworks */ = {
			isa = PBXFrameworksBuildPhase;
			buildActionMask = 2147483647;
			files = (
			);
			runOnlyForDeploymentPostprocessing = 0;
		};
/* End PBXFrameworksBuildPhase section */

/* Begin PBXGroup section */
		8BDF24E92524702500C88C54 = {
			isa = PBXGroup;
			children = (
				8BDF24F42524702500C88C54 /* CombineDemo */,
				8BDF25062524702600C88C54 /* CombineDemoTests */,
				8BDF24F32524702500C88C54 /* Products */,
			);
			sourceTree = "<group>";
		};
		8BDF24F32524702500C88C54 /* Products */ = {
			isa = PBXGroup;
			children = (
				8BDF24F22524702500C88C54 /* CombineDemo.app */,
				8BDF25032524702600C88C54 /* CombineDemoTests.xctest */,
			);
			name = Products;
			sourceTree = "<group>";
		};
		8BDF24F42524702500C88C54 /* CombineDemo */ = {
			isa = PBXGroup;
			children = (
				8BDF24FE2524702600C88C54 /* Info.plist */,
				8BDF24F52524702500C88C54 /* CombineDemoApp.swift */,
				8BDF24F72524702500C88C54 /* ContentView.swift */,
				8BDF24F92524702600C88C54 /* Assets.xcassets */,
				8BDF24FB2524702600C88C54 /* Preview Content */,
				8BDF25422524A0C400C88C54 /* Networking */,
				8BDF25402524A0BA00C88C54 /* Models */,
				8BDF25412524A0BF00C88C54 /* ViewModels */,
				AB6B3DD525D94E5E00A8FD5C /* Views */,
				AB5E75F92611107A0036837C /* Mocks */,
				AB6B3DE925D9531D00A8FD5C /* Styling */,
			);
			path = CombineDemo;
			sourceTree = "<group>";
		};
		8BDF24FB2524702600C88C54 /* Preview Content */ = {
			isa = PBXGroup;
			children = (
				8BDF24FC2524702600C88C54 /* Preview Assets.xcassets */,
			);
			path = "Preview Content";
			sourceTree = "<group>";
		};
		8BDF25062524702600C88C54 /* CombineDemoTests */ = {
			isa = PBXGroup;
			children = (
				8BDF25072524702600C88C54 /* RespositoryListViewModelTests.swift */,
				8BDF25092524702600C88C54 /* Info.plist */,
			);
			path = CombineDemoTests;
			sourceTree = "<group>";
		};
		8BDF25402524A0BA00C88C54 /* Models */ = {
			isa = PBXGroup;
			children = (
				8BDF2523252473A400C88C54 /* Repository.swift */,
			);
			path = Models;
			sourceTree = "<group>";
		};
		8BDF25412524A0BF00C88C54 /* ViewModels */ = {
			isa = PBXGroup;
			children = (
				8BDF25382524A0A300C88C54 /* RepositoryViewModel.swift */,
				8BDF252B2524782D00C88C54 /* RepositoryListViewModel.swift */,
			);
			path = ViewModels;
			sourceTree = "<group>";
		};
		8BDF25422524A0C400C88C54 /* Networking */ = {
			isa = PBXGroup;
			children = (
				8BDF25302524789800C88C54 /* GitHubService.swift */,
			);
			path = Networking;
			sourceTree = "<group>";
		};
		AB5E75F92611107A0036837C /* Mocks */ = {
			isa = PBXGroup;
			children = (
				AB5E75FA261110910036837C /* GitHubServiceMock.swift */,
			);
			path = Mocks;
			sourceTree = "<group>";
		};
		AB6B3DD525D94E5E00A8FD5C /* Views */ = {
			isa = PBXGroup;
			children = (
				AB6B3DE125D94F5100A8FD5C /* RepositoryRow.swift */,
			);
			path = Views;
			sourceTree = "<group>";
		};
		AB6B3DE925D9531D00A8FD5C /* Styling */ = {
			isa = PBXGroup;
			children = (
				AB6B3DF325D9538D00A8FD5C /* Text+Styling.swift */,
			);
			path = Styling;
			sourceTree = "<group>";
		};
/* End PBXGroup section */

/* Begin PBXNativeTarget section */
		8BDF24F12524702500C88C54 /* CombineDemo */ = {
			isa = PBXNativeTarget;
			buildConfigurationList = 8BDF25172524702600C88C54 /* Build configuration list for PBXNativeTarget "CombineDemo" */;
			buildPhases = (
				8BDF24EE2524702500C88C54 /* Sources */,
				8BDF24EF2524702500C88C54 /* Frameworks */,
				8BDF24F02524702500C88C54 /* Resources */,
			);
			buildRules = (
			);
			dependencies = (
			);
			name = CombineDemo;
			productName = CombineDemo;
			productReference = 8BDF24F22524702500C88C54 /* CombineDemo.app */;
			productType = "com.apple.product-type.application";
		};
		8BDF25022524702600C88C54 /* CombineDemoTests */ = {
			isa = PBXNativeTarget;
			buildConfigurationList = 8BDF251A2524702600C88C54 /* Build configuration list for PBXNativeTarget "CombineDemoTests" */;
			buildPhases = (
				8BDF24FF2524702600C88C54 /* Sources */,
				8BDF25002524702600C88C54 /* Frameworks */,
				8BDF25012524702600C88C54 /* Resources */,
			);
			buildRules = (
			);
			dependencies = (
				8BDF25052524702600C88C54 /* PBXTargetDependency */,
			);
			name = CombineDemoTests;
			productName = CombineDemoTests;
			productReference = 8BDF25032524702600C88C54 /* CombineDemoTests.xctest */;
			productType = "com.apple.product-type.bundle.unit-test";
		};
/* End PBXNativeTarget section */

/* Begin PBXProject section */
		8BDF24EA2524702500C88C54 /* Project object */ = {
			isa = PBXProject;
			attributes = {
				LastSwiftUpdateCheck = 1200;
				LastUpgradeCheck = 1200;
				TargetAttributes = {
					8BDF24F12524702500C88C54 = {
						CreatedOnToolsVersion = 12.0;
					};
					8BDF25022524702600C88C54 = {
						CreatedOnToolsVersion = 12.0;
						TestTargetID = 8BDF24F12524702500C88C54;
					};
				};
			};
			buildConfigurationList = 8BDF24ED2524702500C88C54 /* Build configuration list for PBXProject "CombineDemo" */;
			compatibilityVersion = "Xcode 9.3";
			developmentRegion = en;
			hasScannedForEncodings = 0;
			knownRegions = (
				en,
				Base,
			);
			mainGroup = 8BDF24E92524702500C88C54;
			productRefGroup = 8BDF24F32524702500C88C54 /* Products */;
			projectDirPath = "";
			projectRoot = "";
			targets = (
				8BDF24F12524702500C88C54 /* CombineDemo */,
				8BDF25022524702600C88C54 /* CombineDemoTests */,
			);
		};
/* End PBXProject section */

/* Begin PBXResourcesBuildPhase section */
		8BDF24F02524702500C88C54 /* Resources */ = {
			isa = PBXResourcesBuildPhase;
			buildActionMask = 2147483647;
			files = (
				8BDF24FD2524702600C88C54 /* Preview Assets.xcassets in Resources */,
				8BDF24FA2524702600C88C54 /* Assets.xcassets in Resources */,
			);
			runOnlyForDeploymentPostprocessing = 0;
		};
		8BDF25012524702600C88C54 /* Resources */ = {
			isa = PBXResourcesBuildPhase;
			buildActionMask = 2147483647;
			files = (
			);
			runOnlyForDeploymentPostprocessing = 0;
		};
/* End PBXResourcesBuildPhase section */

/* Begin PBXSourcesBuildPhase section */
		8BDF24EE2524702500C88C54 /* Sources */ = {
			isa = PBXSourcesBuildPhase;
			buildActionMask = 2147483647;
			files = (
				8BDF25312524789800C88C54 /* GitHubService.swift in Sources */,
				AB6B3DE225D94F5100A8FD5C /* RepositoryRow.swift in Sources */,
				8BDF252C2524782D00C88C54 /* RepositoryListViewModel.swift in Sources */,
				8BDF25392524A0A300C88C54 /* RepositoryViewModel.swift in Sources */,
				8BDF24F82524702500C88C54 /* ContentView.swift in Sources */,
				AB6B3DF425D9538D00A8FD5C /* Text+Styling.swift in Sources */,
				AB5E7604261116650036837C /* GitHubServiceMock.swift in Sources */,
				8BDF2524252473A400C88C54 /* Repository.swift in Sources */,
				8BDF24F62524702500C88C54 /* CombineDemoApp.swift in Sources */,
			);
			runOnlyForDeploymentPostprocessing = 0;
		};
		8BDF24FF2524702600C88C54 /* Sources */ = {
			isa = PBXSourcesBuildPhase;
			buildActionMask = 2147483647;
			files = (
				8BDF25082524702600C88C54 /* RespositoryListViewModelTests.swift in Sources */,
			);
			runOnlyForDeploymentPostprocessing = 0;
		};
/* End PBXSourcesBuildPhase section */

/* Begin PBXTargetDependency section */
		8BDF25052524702600C88C54 /* PBXTargetDependency */ = {
			isa = PBXTargetDependency;
			target = 8BDF24F12524702500C88C54 /* CombineDemo */;
			targetProxy = 8BDF25042524702600C88C54 /* PBXContainerItemProxy */;
		};
/* End PBXTargetDependency section */

/* Begin XCBuildConfiguration section */
		8BDF25152524702600C88C54 /* Debug */ = {
			isa = XCBuildConfiguration;
			buildSettings = {
				ALWAYS_SEARCH_USER_PATHS = NO;
				CLANG_ANALYZER_NONNULL = YES;
				CLANG_ANALYZER_NUMBER_OBJECT_CONVERSION = YES_AGGRESSIVE;
				CLANG_CXX_LANGUAGE_STANDARD = "gnu++14";
				CLANG_CXX_LIBRARY = "libc++";
				CLANG_ENABLE_MODULES = YES;
				CLANG_ENABLE_OBJC_ARC = YES;
				CLANG_ENABLE_OBJC_WEAK = YES;
				CLANG_WARN_BLOCK_CAPTURE_AUTORELEASING = YES;
				CLANG_WARN_BOOL_CONVERSION = YES;
				CLANG_WARN_COMMA = YES;
				CLANG_WARN_CONSTANT_CONVERSION = YES;
				CLANG_WARN_DEPRECATED_OBJC_IMPLEMENTATIONS = YES;
				CLANG_WARN_DIRECT_OBJC_ISA_USAGE = YES_ERROR;
				CLANG_WARN_DOCUMENTATION_COMMENTS = YES;
				CLANG_WARN_EMPTY_BODY = YES;
				CLANG_WARN_ENUM_CONVERSION = YES;
				CLANG_WARN_INFINITE_RECURSION = YES;
				CLANG_WARN_INT_CONVERSION = YES;
				CLANG_WARN_NON_LITERAL_NULL_CONVERSION = YES;
				CLANG_WARN_OBJC_IMPLICIT_RETAIN_SELF = YES;
				CLANG_WARN_OBJC_LITERAL_CONVERSION = YES;
				CLANG_WARN_OBJC_ROOT_CLASS = YES_ERROR;
				CLANG_WARN_QUOTED_INCLUDE_IN_FRAMEWORK_HEADER = YES;
				CLANG_WARN_RANGE_LOOP_ANALYSIS = YES;
				CLANG_WARN_STRICT_PROTOTYPES = YES;
				CLANG_WARN_SUSPICIOUS_MOVE = YES;
				CLANG_WARN_UNGUARDED_AVAILABILITY = YES_AGGRESSIVE;
				CLANG_WARN_UNREACHABLE_CODE = YES;
				CLANG_WARN__DUPLICATE_METHOD_MATCH = YES;
				COPY_PHASE_STRIP = NO;
				DEBUG_INFORMATION_FORMAT = dwarf;
				ENABLE_STRICT_OBJC_MSGSEND = YES;
				ENABLE_TESTABILITY = YES;
				GCC_C_LANGUAGE_STANDARD = gnu11;
				GCC_DYNAMIC_NO_PIC = NO;
				GCC_NO_COMMON_BLOCKS = YES;
				GCC_OPTIMIZATION_LEVEL = 0;
				GCC_PREPROCESSOR_DEFINITIONS = (
					"DEBUG=1",
					"$(inherited)",
				);
				GCC_WARN_64_TO_32_BIT_CONVERSION = YES;
				GCC_WARN_ABOUT_RETURN_TYPE = YES_ERROR;
				GCC_WARN_UNDECLARED_SELECTOR = YES;
				GCC_WARN_UNINITIALIZED_AUTOS = YES_AGGRESSIVE;
				GCC_WARN_UNUSED_FUNCTION = YES;
				GCC_WARN_UNUSED_VARIABLE = YES;
				IPHONEOS_DEPLOYMENT_TARGET = 14.0;
				MTL_ENABLE_DEBUG_INFO = INCLUDE_SOURCE;
				MTL_FAST_MATH = YES;
				ONLY_ACTIVE_ARCH = YES;
				SDKROOT = iphoneos;
				SWIFT_ACTIVE_COMPILATION_CONDITIONS = DEBUG;
				SWIFT_OPTIMIZATION_LEVEL = "-Onone";
			};
			name = Debug;
		};
		8BDF25162524702600C88C54 /* Release */ = {
			isa = XCBuildConfiguration;
			buildSettings = {
				ALWAYS_SEARCH_USER_PATHS = NO;
				CLANG_ANALYZER_NONNULL = YES;
				CLANG_ANALYZER_NUMBER_OBJECT_CONVERSION = YES_AGGRESSIVE;
				CLANG_CXX_LANGUAGE_STANDARD = "gnu++14";
				CLANG_CXX_LIBRARY = "libc++";
				CLANG_ENABLE_MODULES = YES;
				CLANG_ENABLE_OBJC_ARC = YES;
				CLANG_ENABLE_OBJC_WEAK = YES;
				CLANG_WARN_BLOCK_CAPTURE_AUTORELEASING = YES;
				CLANG_WARN_BOOL_CONVERSION = YES;
				CLANG_WARN_COMMA = YES;
				CLANG_WARN_CONSTANT_CONVERSION = YES;
				CLANG_WARN_DEPRECATED_OBJC_IMPLEMENTATIONS = YES;
				CLANG_WARN_DIRECT_OBJC_ISA_USAGE = YES_ERROR;
				CLANG_WARN_DOCUMENTATION_COMMENTS = YES;
				CLANG_WARN_EMPTY_BODY = YES;
				CLANG_WARN_ENUM_CONVERSION = YES;
				CLANG_WARN_INFINITE_RECURSION = YES;
				CLANG_WARN_INT_CONVERSION = YES;
				CLANG_WARN_NON_LITERAL_NULL_CONVERSION = YES;
				CLANG_WARN_OBJC_IMPLICIT_RETAIN_SELF = YES;
				CLANG_WARN_OBJC_LITERAL_CONVERSION = YES;
				CLANG_WARN_OBJC_ROOT_CLASS = YES_ERROR;
				CLANG_WARN_QUOTED_INCLUDE_IN_FRAMEWORK_HEADER = YES;
				CLANG_WARN_RANGE_LOOP_ANALYSIS = YES;
				CLANG_WARN_STRICT_PROTOTYPES = YES;
				CLANG_WARN_SUSPICIOUS_MOVE = YES;
				CLANG_WARN_UNGUARDED_AVAILABILITY = YES_AGGRESSIVE;
				CLANG_WARN_UNREACHABLE_CODE = YES;
				CLANG_WARN__DUPLICATE_METHOD_MATCH = YES;
				COPY_PHASE_STRIP = NO;
				DEBUG_INFORMATION_FORMAT = "dwarf-with-dsym";
				ENABLE_NS_ASSERTIONS = NO;
				ENABLE_STRICT_OBJC_MSGSEND = YES;
				GCC_C_LANGUAGE_STANDARD = gnu11;
				GCC_NO_COMMON_BLOCKS = YES;
				GCC_WARN_64_TO_32_BIT_CONVERSION = YES;
				GCC_WARN_ABOUT_RETURN_TYPE = YES_ERROR;
				GCC_WARN_UNDECLARED_SELECTOR = YES;
				GCC_WARN_UNINITIALIZED_AUTOS = YES_AGGRESSIVE;
				GCC_WARN_UNUSED_FUNCTION = YES;
				GCC_WARN_UNUSED_VARIABLE = YES;
				IPHONEOS_DEPLOYMENT_TARGET = 14.0;
				MTL_ENABLE_DEBUG_INFO = NO;
				MTL_FAST_MATH = YES;
				SDKROOT = iphoneos;
				SWIFT_COMPILATION_MODE = wholemodule;
				SWIFT_OPTIMIZATION_LEVEL = "-O";
				VALIDATE_PRODUCT = YES;
			};
			name = Release;
		};
		8BDF25182524702600C88C54 /* Debug */ = {
			isa = XCBuildConfiguration;
			buildSettings = {
				ASSETCATALOG_COMPILER_APPICON_NAME = AppIcon;
				ASSETCATALOG_COMPILER_GLOBAL_ACCENT_COLOR_NAME = AccentColor;
				CODE_SIGN_STYLE = Automatic;
				DEVELOPMENT_ASSET_PATHS = "\"CombineDemo/Preview Content\"";
				DEVELOPMENT_TEAM = B9SKU7647H;
				ENABLE_PREVIEWS = YES;
				INFOPLIST_FILE = CombineDemo/Info.plist;
				IPHONEOS_DEPLOYMENT_TARGET = 14.0;
				LD_RUNPATH_SEARCH_PATHS = (
					"$(inherited)",
					"@executable_path/Frameworks",
				);
				PRODUCT_BUNDLE_IDENTIFIER = com.kuczborski.CombineDemo;
				PRODUCT_NAME = "$(TARGET_NAME)";
				SWIFT_VERSION = 5.0;
				TARGETED_DEVICE_FAMILY = "1,2";
			};
			name = Debug;
		};
		8BDF25192524702600C88C54 /* Release */ = {
			isa = XCBuildConfiguration;
			buildSettings = {
				ASSETCATALOG_COMPILER_APPICON_NAME = AppIcon;
				ASSETCATALOG_COMPILER_GLOBAL_ACCENT_COLOR_NAME = AccentColor;
				CODE_SIGN_STYLE = Automatic;
				DEVELOPMENT_ASSET_PATHS = "\"CombineDemo/Preview Content\"";
				DEVELOPMENT_TEAM = B9SKU7647H;
				ENABLE_PREVIEWS = YES;
				INFOPLIST_FILE = CombineDemo/Info.plist;
				IPHONEOS_DEPLOYMENT_TARGET = 14.0;
				LD_RUNPATH_SEARCH_PATHS = (
					"$(inherited)",
					"@executable_path/Frameworks",
				);
				PRODUCT_BUNDLE_IDENTIFIER = com.kuczborski.CombineDemo;
				PRODUCT_NAME = "$(TARGET_NAME)";
				SWIFT_VERSION = 5.0;
				TARGETED_DEVICE_FAMILY = "1,2";
			};
			name = Release;
		};
		8BDF251B2524702600C88C54 /* Debug */ = {
			isa = XCBuildConfiguration;
			buildSettings = {
				ALWAYS_EMBED_SWIFT_STANDARD_LIBRARIES = YES;
				BUNDLE_LOADER = "$(TEST_HOST)";
				CODE_SIGN_STYLE = Automatic;
				DEVELOPMENT_TEAM = B9SKU7647H;
				INFOPLIST_FILE = CombineDemoTests/Info.plist;
				IPHONEOS_DEPLOYMENT_TARGET = 14.0;
				LD_RUNPATH_SEARCH_PATHS = (
					"$(inherited)",
					"@executable_path/Frameworks",
					"@loader_path/Frameworks",
				);
				PRODUCT_BUNDLE_IDENTIFIER = com.kuczborski.CombineDemoTests;
				PRODUCT_NAME = "$(TARGET_NAME)";
				SWIFT_VERSION = 5.0;
				TARGETED_DEVICE_FAMILY = "1,2";
				TEST_HOST = "$(BUILT_PRODUCTS_DIR)/CombineDemo.app/CombineDemo";
			};
			name = Debug;
		};
		8BDF251C2524702600C88C54 /* Release */ = {
			isa = XCBuildConfiguration;
			buildSettings = {
				ALWAYS_EMBED_SWIFT_STANDARD_LIBRARIES = YES;
				BUNDLE_LOADER = "$(TEST_HOST)";
				CODE_SIGN_STYLE = Automatic;
				DEVELOPMENT_TEAM = B9SKU7647H;
				INFOPLIST_FILE = CombineDemoTests/Info.plist;
				IPHONEOS_DEPLOYMENT_TARGET = 14.0;
				LD_RUNPATH_SEARCH_PATHS = (
					"$(inherited)",
					"@executable_path/Frameworks",
					"@loader_path/Frameworks",
				);
				PRODUCT_BUNDLE_IDENTIFIER = com.kuczborski.CombineDemoTests;
				PRODUCT_NAME = "$(TARGET_NAME)";
				SWIFT_VERSION = 5.0;
				TARGETED_DEVICE_FAMILY = "1,2";
				TEST_HOST = "$(BUILT_PRODUCTS_DIR)/CombineDemo.app/CombineDemo";
			};
			name = Release;
		};
/* End XCBuildConfiguration section */

/* Begin XCConfigurationList section */
		8BDF24ED2524702500C88C54 /* Build configuration list for PBXProject "CombineDemo" */ = {
			isa = XCConfigurationList;
			buildConfigurations = (
				8BDF25152524702600C88C54 /* Debug */,
				8BDF25162524702600C88C54 /* Release */,
			);
			defaultConfigurationIsVisible = 0;
			defaultConfigurationName = Release;
		};
		8BDF25172524702600C88C54 /* Build configuration list for PBXNativeTarget "CombineDemo" */ = {
			isa = XCConfigurationList;
			buildConfigurations = (
				8BDF25182524702600C88C54 /* Debug */,
				8BDF25192524702600C88C54 /* Release */,
			);
			defaultConfigurationIsVisible = 0;
			defaultConfigurationName = Release;
		};
		8BDF251A2524702600C88C54 /* Build configuration list for PBXNativeTarget "CombineDemoTests" */ = {
			isa = XCConfigurationList;
			buildConfigurations = (
				8BDF251B2524702600C88C54 /* Debug */,
				8BDF251C2524702600C88C54 /* Release */,
			);
			defaultConfigurationIsVisible = 0;
			defaultConfigurationName = Release;
		};
/* End XCConfigurationList section */
	};
	rootObject = 8BDF24EA2524702500C88C54 /* Project object */;
}
